
Microsoft Visual Studio Solution File, Format Version 12.00
# Visual Studio Version 16
VisualStudioVersion = 16.0.31005.135
MinimumVisualStudioVersion = 10.0.40219.1
Project("{FAE04EC0-301F-11D3-BF4B-00C04F79EFBC}") = "PH7.ERP.Smart.MVC", "PH7.ERP.Smart.MVC\PH7.ERP.Smart.MVC.csproj", "{F50B667B-CA6C-47AB-B97B-4CED5F26E181}"
EndProject
Global
	GlobalSection(SolutionConfigurationPlatforms) = preSolution
		Debug|Any CPU = Debug|Any CPU
		Release|Any CPU = Release|Any CPU
	EndGlobalSection
	GlobalSection(ProjectConfigurationPlatforms) = postSolution
		{F50B667B-CA6C-47AB-B97B-4CED5F26E181}.Debug|Any CPU.ActiveCfg = Debug|Any CPU
		{F50B667B-CA6C-47AB-B97B-4CED5F26E181}.Debug|Any CPU.Build.0 = Debug|Any CPU
		{F50B667B-CA6C-47AB-B97B-4CED5F26E181}.Release|Any CPU.ActiveCfg = Release|Any CPU
		{F50B667B-CA6C-47AB-B97B-4CED5F26E181}.Release|Any CPU.Build.0 = Release|Any CPU
	EndGlobalSection
	GlobalSection(SolutionProperties) = preSolution
		HideSolutionNode = FALSE
	EndGlobalSection
	GlobalSection(ExtensibilityGlobals) = postSolution
		SolutionGuid = {2B4CAA1E-F70B-405F-AF6E-41DF304E9BA0}
	EndGlobalSection
EndGlobal
